// !$*UTF8*$!
{
	archiveVersion = 1;
	classes = {
	};
	objectVersion = 50;
	objects = {

/* Begin PBXBuildFile section */
		BCAAE6FD22339AED00EF173A /* AppDelegate.swift in Sources */ = {isa = PBXBuildFile; fileRef = BCAAE6FC22339AED00EF173A /* AppDelegate.swift */; };
		BCAAE6FF22339AED00EF173A /* ViewController.swift in Sources */ = {isa = PBXBuildFile; fileRef = BCAAE6FE22339AED00EF173A /* ViewController.swift */; };
		BCAAE70222339AED00EF173A /* Main.storyboard in Resources */ = {isa = PBXBuildFile; fileRef = BCAAE70022339AED00EF173A /* Main.storyboard */; };
		BCAAE70422339AEF00EF173A /* Assets.xcassets in Resources */ = {isa = PBXBuildFile; fileRef = BCAAE70322339AEF00EF173A /* Assets.xcassets */; };
		BCAAE70722339AEF00EF173A /* LaunchScreen.storyboard in Resources */ = {isa = PBXBuildFile; fileRef = BCAAE70522339AEF00EF173A /* LaunchScreen.storyboard */; };
		BCAAE71222339AEF00EF173A /* PruebaTests.swift in Sources */ = {isa = PBXBuildFile; fileRef = BCAAE71122339AEF00EF173A /* PruebaTests.swift */; };
		BCAAE71D22339AEF00EF173A /* PruebaUITests.swift in Sources */ = {isa = PBXBuildFile; fileRef = BCAAE71C22339AEF00EF173A /* PruebaUITests.swift */; };
/* End PBXBuildFile section */

/* Begin PBXContainerItemProxy section */
		BCAAE70E22339AEF00EF173A /* PBXContainerItemProxy */ = {
			isa = PBXContainerItemProxy;
			containerPortal = BCAAE6F122339AED00EF173A /* Project object */;
			proxyType = 1;
			remoteGlobalIDString = BCAAE6F822339AED00EF173A;
			remoteInfo = Prueba;
		};
		BCAAE71922339AEF00EF173A /* PBXContainerItemProxy */ = {
			isa = PBXContainerItemProxy;
			containerPortal = BCAAE6F122339AED00EF173A /* Project object */;
			proxyType = 1;
			remoteGlobalIDString = BCAAE6F822339AED00EF173A;
			remoteInfo = Prueba;
		};
/* End PBXContainerItemProxy section */

/* Begin PBXFileReference section */
		BCAAE6F922339AED00EF173A /* Prueba.app */ = {isa = PBXFileReference; explicitFileType = wrapper.application; includeInIndex = 0; path = Prueba.app; sourceTree = BUILT_PRODUCTS_DIR; };
		BCAAE6FC22339AED00EF173A /* AppDelegate.swift */ = {isa = PBXFileReference; lastKnownFileType = sourcecode.swift; path = AppDelegate.swift; sourceTree = "<group>"; };
		BCAAE6FE22339AED00EF173A /* ViewController.swift */ = {isa = PBXFileReference; lastKnownFileType = sourcecode.swift; path = ViewController.swift; sourceTree = "<group>"; };
		BCAAE70122339AED00EF173A /* Base */ = {isa = PBXFileReference; lastKnownFileType = file.storyboard; name = Base; path = Base.lproj/Main.storyboard; sourceTree = "<group>"; };
		BCAAE70322339AEF00EF173A /* Assets.xcassets */ = {isa = PBXFileReference; lastKnownFileType = folder.assetcatalog; path = Assets.xcassets; sourceTree = "<group>"; };
		BCAAE70622339AEF00EF173A /* Base */ = {isa = PBXFileReference; lastKnownFileType = file.storyboard; name = Base; path = Base.lproj/LaunchScreen.storyboard; sourceTree = "<group>"; };
		BCAAE70822339AEF00EF173A /* Info.plist */ = {isa = PBXFileReference; lastKnownFileType = text.plist.xml; path = Info.plist; sourceTree = "<group>"; };
		BCAAE70D22339AEF00EF173A /* PruebaTests.xctest */ = {isa = PBXFileReference; explicitFileType = wrapper.cfbundle; includeInIndex = 0; path = PruebaTests.xctest; sourceTree = BUILT_PRODUCTS_DIR; };
		BCAAE71122339AEF00EF173A /* PruebaTests.swift */ = {isa = PBXFileReference; lastKnownFileType = sourcecode.swift; path = PruebaTests.swift; sourceTree = "<group>"; };
		BCAAE71322339AEF00EF173A /* Info.plist */ = {isa = PBXFileReference; lastKnownFileType = text.plist.xml; path = Info.plist; sourceTree = "<group>"; };
		BCAAE71822339AEF00EF173A /* PruebaUITests.xctest */ = {isa = PBXFileReference; explicitFileType = wrapper.cfbundle; includeInIndex = 0; path = PruebaUITests.xctest; sourceTree = BUILT_PRODUCTS_DIR; };
		BCAAE71C22339AEF00EF173A /* PruebaUITests.swift */ = {isa = PBXFileReference; lastKnownFileType = sourcecode.swift; path = PruebaUITests.swift; sourceTree = "<group>"; };
		BCAAE71E22339AEF00EF173A /* Info.plist */ = {isa = PBXFileReference; lastKnownFileType = text.plist.xml; path = Info.plist; sourceTree = "<group>"; };
/* End PBXFileReference section */

/* Begin PBXFrameworksBuildPhase section */
		BCAAE6F622339AED00EF173A /* Frameworks */ = {
			isa = PBXFrameworksBuildPhase;
			buildActionMask = 2147483647;
			files = (
			);
			runOnlyForDeploymentPostprocessing = 0;
		};
		BCAAE70A22339AEF00EF173A /* Frameworks */ = {
			isa = PBXFrameworksBuildPhase;
			buildActionMask = 2147483647;
			files = (
			);
			runOnlyForDeploymentPostprocessing = 0;
		};
		BCAAE71522339AEF00EF173A /* Frameworks */ = {
			isa = PBXFrameworksBuildPhase;
			buildActionMask = 2147483647;
			files = (
			);
			runOnlyForDeploymentPostprocessing = 0;
		};
/* End PBXFrameworksBuildPhase section */

/* Begin PBXGroup section */
		BCAAE6F022339AED00EF173A = {
			isa = PBXGroup;
			children = (
				BCAAE6FB22339AED00EF173A /* Prueba */,
				BCAAE71022339AEF00EF173A /* PruebaTests */,
				BCAAE71B22339AEF00EF173A /* PruebaUITests */,
				BCAAE6FA22339AED00EF173A /* Products */,
			);
			sourceTree = "<group>";
		};
		BCAAE6FA22339AED00EF173A /* Products */ = {
			isa = PBXGroup;
			children = (
				BCAAE6F922339AED00EF173A /* Prueba.app */,
				BCAAE70D22339AEF00EF173A /* PruebaTests.xctest */,
				BCAAE71822339AEF00EF173A /* PruebaUITests.xctest */,
			);
			name = Products;
			sourceTree = "<group>";
		};
		BCAAE6FB22339AED00EF173A /* Prueba */ = {
			isa = PBXGroup;
			children = (
				BCAAE6FC22339AED00EF173A /* AppDelegate.swift */,
				BCAAE6FE22339AED00EF173A /* ViewController.swift */,
				BCAAE70022339AED00EF173A /* Main.storyboard */,
				BCAAE70322339AEF00EF173A /* Assets.xcassets */,
				BCAAE70522339AEF00EF173A /* LaunchScreen.storyboard */,
				BCAAE70822339AEF00EF173A /* Info.plist */,
			);
			path = Prueba;
			sourceTree = "<group>";
		};
		BCAAE71022339AEF00EF173A /* PruebaTests */ = {
			isa = PBXGroup;
			children = (
				BCAAE71122339AEF00EF173A /* PruebaTests.swift */,
				BCAAE71322339AEF00EF173A /* Info.plist */,
			);
			path = PruebaTests;
			sourceTree = "<group>";
		};
		BCAAE71B22339AEF00EF173A /* PruebaUITests */ = {
			isa = PBXGroup;
			children = (
				BCAAE71C22339AEF00EF173A /* PruebaUITests.swift */,
				BCAAE71E22339AEF00EF173A /* Info.plist */,
			);
			path = PruebaUITests;
			sourceTree = "<group>";
		};
/* End PBXGroup section */

/* Begin PBXNativeTarget section */
		BCAAE6F822339AED00EF173A /* Prueba */ = {
			isa = PBXNativeTarget;
			buildConfigurationList = BCAAE72122339AEF00EF173A /* Build configuration list for PBXNativeTarget "Prueba" */;
			buildPhases = (
				BCAAE6F522339AED00EF173A /* Sources */,
				BCAAE6F622339AED00EF173A /* Frameworks */,
				BCAAE6F722339AED00EF173A /* Resources */,
			);
			buildRules = (
			);
			dependencies = (
			);
			name = Prueba;
			productName = Prueba;
			productReference = BCAAE6F922339AED00EF173A /* Prueba.app */;
			productType = "com.apple.product-type.application";
		};
		BCAAE70C22339AEF00EF173A /* PruebaTests */ = {
			isa = PBXNativeTarget;
			buildConfigurationList = BCAAE72422339AEF00EF173A /* Build configuration list for PBXNativeTarget "PruebaTests" */;
			buildPhases = (
				BCAAE70922339AEF00EF173A /* Sources */,
				BCAAE70A22339AEF00EF173A /* Frameworks */,
				BCAAE70B22339AEF00EF173A /* Resources */,
			);
			buildRules = (
			);
			dependencies = (
				BCAAE70F22339AEF00EF173A /* PBXTargetDependency */,
			);
			name = PruebaTests;
			productName = PruebaTests;
			productReference = BCAAE70D22339AEF00EF173A /* PruebaTests.xctest */;
			productType = "com.apple.product-type.bundle.unit-test";
		};
		BCAAE71722339AEF00EF173A /* PruebaUITests */ = {
			isa = PBXNativeTarget;
			buildConfigurationList = BCAAE72722339AEF00EF173A /* Build configuration list for PBXNativeTarget "PruebaUITests" */;
			buildPhases = (
				BCAAE71422339AEF00EF173A /* Sources */,
				BCAAE71522339AEF00EF173A /* Frameworks */,
				BCAAE71622339AEF00EF173A /* Resources */,
			);
			buildRules = (
			);
			dependencies = (
				BCAAE71A22339AEF00EF173A /* PBXTargetDependency */,
			);
			name = PruebaUITests;
			productName = PruebaUITests;
			productReference = BCAAE71822339AEF00EF173A /* PruebaUITests.xctest */;
			productType = "com.apple.product-type.bundle.ui-testing";
		};
/* End PBXNativeTarget section */

/* Begin PBXProject section */
		BCAAE6F122339AED00EF173A /* Project object */ = {
			isa = PBXProject;
			attributes = {
				LastSwiftUpdateCheck = 1010;
				LastUpgradeCheck = 1010;
				ORGANIZATIONNAME = "Omar P. Rojas";
				TargetAttributes = {
					BCAAE6F822339AED00EF173A = {
						CreatedOnToolsVersion = 10.1;
					};
					BCAAE70C22339AEF00EF173A = {
						CreatedOnToolsVersion = 10.1;
						TestTargetID = BCAAE6F822339AED00EF173A;
					};
					BCAAE71722339AEF00EF173A = {
						CreatedOnToolsVersion = 10.1;
						TestTargetID = BCAAE6F822339AED00EF173A;
					};
				};
			};
			buildConfigurationList = BCAAE6F422339AED00EF173A /* Build configuration list for PBXProject "Prueba" */;
			compatibilityVersion = "Xcode 9.3";
			developmentRegion = en;
			hasScannedForEncodings = 0;
			knownRegions = (
				en,
				Base,
			);
			mainGroup = BCAAE6F022339AED00EF173A;
			productRefGroup = BCAAE6FA22339AED00EF173A /* Products */;
			projectDirPath = "";
			projectRoot = "";
			targets = (
				BCAAE6F822339AED00EF173A /* Prueba */,
				BCAAE70C22339AEF00EF173A /* PruebaTests */,
				BCAAE71722339AEF00EF173A /* PruebaUITests */,
			);
		};
/* End PBXProject section */

/* Begin PBXResourcesBuildPhase section */
		BCAAE6F722339AED00EF173A /* Resources */ = {
			isa = PBXResourcesBuildPhase;
			buildActionMask = 2147483647;
			files = (
				BCAAE70722339AEF00EF173A /* LaunchScreen.storyboard in Resources */,
				BCAAE70422339AEF00EF173A /* Assets.xcassets in Resources */,
				BCAAE70222339AED00EF173A /* Main.storyboard in Resources */,
			);
			runOnlyForDeploymentPostprocessing = 0;
		};
		BCAAE70B22339AEF00EF173A /* Resources */ = {
			isa = PBXResourcesBuildPhase;
			buildActionMask = 2147483647;
			files = (
			);
			runOnlyForDeploymentPostprocessing = 0;
		};
		BCAAE71622339AEF00EF173A /* Resources */ = {
			isa = PBXResourcesBuildPhase;
			buildActionMask = 2147483647;
			files = (
			);
			runOnlyForDeploymentPostprocessing = 0;
		};
/* End PBXResourcesBuildPhase section */

/* Begin PBXSourcesBuildPhase section */
		BCAAE6F522339AED00EF173A /* Sources */ = {
			isa = PBXSourcesBuildPhase;
			buildActionMask = 2147483647;
			files = (
				BCAAE6FF22339AED00EF173A /* ViewController.swift in Sources */,
				BCAAE6FD22339AED00EF173A /* AppDelegate.swift in Sources */,
			);
			runOnlyForDeploymentPostprocessing = 0;
		};
		BCAAE70922339AEF00EF173A /* Sources */ = {
			isa = PBXSourcesBuildPhase;
			buildActionMask = 2147483647;
			files = (
				BCAAE71222339AEF00EF173A /* PruebaTests.swift in Sources */,
			);
			runOnlyForDeploymentPostprocessing = 0;
		};
		BCAAE71422339AEF00EF173A /* Sources */ = {
			isa = PBXSourcesBuildPhase;
			buildActionMask = 2147483647;
			files = (
				BCAAE71D22339AEF00EF173A /* PruebaUITests.swift in Sources */,
			);
			runOnlyForDeploymentPostprocessing = 0;
		};
/* End PBXSourcesBuildPhase section */

/* Begin PBXTargetDependency section */
		BCAAE70F22339AEF00EF173A /* PBXTargetDependency */ = {
			isa = PBXTargetDependency;
			target = BCAAE6F822339AED00EF173A /* Prueba */;
			targetProxy = BCAAE70E22339AEF00EF173A /* PBXContainerItemProxy */;
		};
		BCAAE71A22339AEF00EF173A /* PBXTargetDependency */ = {
			isa = PBXTargetDependency;
			target = BCAAE6F822339AED00EF173A /* Prueba */;
			targetProxy = BCAAE71922339AEF00EF173A /* PBXContainerItemProxy */;
		};
/* End PBXTargetDependency section */

/* Begin PBXVariantGroup section */
		BCAAE70022339AED00EF173A /* Main.storyboard */ = {
			isa = PBXVariantGroup;
			children = (
				BCAAE70122339AED00EF173A /* Base */,
			);
			name = Main.storyboard;
			sourceTree = "<group>";
		};
		BCAAE70522339AEF00EF173A /* LaunchScreen.storyboard */ = {
			isa = PBXVariantGroup;
			children = (
				BCAAE70622339AEF00EF173A /* Base */,
			);
			name = LaunchScreen.storyboard;
			sourceTree = "<group>";
		};
/* End PBXVariantGroup section */

/* Begin XCBuildConfiguration section */
		BCAAE71F22339AEF00EF173A /* Debug */ = {
			isa = XCBuildConfiguration;
			buildSettings = {
				ALWAYS_SEARCH_USER_PATHS = NO;
				CLANG_ANALYZER_NONNULL = YES;
				CLANG_ANALYZER_NUMBER_OBJECT_CONVERSION = YES_AGGRESSIVE;
				CLANG_CXX_LANGUAGE_STANDARD = "gnu++14";
				CLANG_CXX_LIBRARY = "libc++";
				CLANG_ENABLE_MODULES = YES;
				CLANG_ENABLE_OBJC_ARC = YES;
				CLANG_ENABLE_OBJC_WEAK = YES;
				CLANG_WARN_BLOCK_CAPTURE_AUTORELEASING = YES;
				CLANG_WARN_BOOL_CONVERSION = YES;
				CLANG_WARN_COMMA = YES;
				CLANG_WARN_CONSTANT_CONVERSION = YES;
				CLANG_WARN_DEPRECATED_OBJC_IMPLEMENTATIONS = YES;
				CLANG_WARN_DIRECT_OBJC_ISA_USAGE = YES_ERROR;
				CLANG_WARN_DOCUMENTATION_COMMENTS = YES;
				CLANG_WARN_EMPTY_BODY = YES;
				CLANG_WARN_ENUM_CONVERSION = YES;
				CLANG_WARN_INFINITE_RECURSION = YES;
				CLANG_WARN_INT_CONVERSION = YES;
				CLANG_WARN_NON_LITERAL_NULL_CONVERSION = YES;
				CLANG_WARN_OBJC_IMPLICIT_RETAIN_SELF = YES;
				CLANG_WARN_OBJC_LITERAL_CONVERSION = YES;
				CLANG_WARN_OBJC_ROOT_CLASS = YES_ERROR;
				CLANG_WARN_RANGE_LOOP_ANALYSIS = YES;
				CLANG_WARN_STRICT_PROTOTYPES = YES;
				CLANG_WARN_SUSPICIOUS_MOVE = YES;
				CLANG_WARN_UNGUARDED_AVAILABILITY = YES_AGGRESSIVE;
				CLANG_WARN_UNREACHABLE_CODE = YES;
				CLANG_WARN__DUPLICATE_METHOD_MATCH = YES;
				CODE_SIGN_IDENTITY = "iPhone Developer";
				COPY_PHASE_STRIP = NO;
				DEBUG_INFORMATION_FORMAT = dwarf;
				ENABLE_STRICT_OBJC_MSGSEND = YES;
				ENABLE_TESTABILITY = YES;
				GCC_C_LANGUAGE_STANDARD = gnu11;
				GCC_DYNAMIC_NO_PIC = NO;
				GCC_NO_COMMON_BLOCKS = YES;
				GCC_OPTIMIZATION_LEVEL = 0;
				GCC_PREPROCESSOR_DEFINITIONS = (
					"DEBUG=1",
					"$(inherited)",
				);
				GCC_WARN_64_TO_32_BIT_CONVERSION = YES;
				GCC_WARN_ABOUT_RETURN_TYPE = YES_ERROR;
				GCC_WARN_UNDECLARED_SELECTOR = YES;
				GCC_WARN_UNINITIALIZED_AUTOS = YES_AGGRESSIVE;
				GCC_WARN_UNUSED_FUNCTION = YES;
				GCC_WARN_UNUSED_VARIABLE = YES;
				IPHONEOS_DEPLOYMENT_TARGET = 12.1;
				MTL_ENABLE_DEBUG_INFO = INCLUDE_SOURCE;
				MTL_FAST_MATH = YES;
				ONLY_ACTIVE_ARCH = YES;
				SDKROOT = iphoneos;
				SWIFT_ACTIVE_COMPILATION_CONDITIONS = DEBUG;
				SWIFT_OPTIMIZATION_LEVEL = "-Onone";
			};
			name = Debug;
		};
		BCAAE72022339AEF00EF173A /* Release */ = {
			isa = XCBuildConfiguration;
			buildSettings = {
				ALWAYS_SEARCH_USER_PATHS = NO;
				CLANG_ANALYZER_NONNULL = YES;
				CLANG_ANALYZER_NUMBER_OBJECT_CONVERSION = YES_AGGRESSIVE;
				CLANG_CXX_LANGUAGE_STANDARD = "gnu++14";
				CLANG_CXX_LIBRARY = "libc++";
				CLANG_ENABLE_MODULES = YES;
				CLANG_ENABLE_OBJC_ARC = YES;
				CLANG_ENABLE_OBJC_WEAK = YES;
				CLANG_WARN_BLOCK_CAPTURE_AUTORELEASING = YES;
				CLANG_WARN_BOOL_CONVERSION = YES;
				CLANG_WARN_COMMA = YES;
				CLANG_WARN_CONSTANT_CONVERSION = YES;
				CLANG_WARN_DEPRECATED_OBJC_IMPLEMENTATIONS = YES;
				CLANG_WARN_DIRECT_OBJC_ISA_USAGE = YES_ERROR;
				CLANG_WARN_DOCUMENTATION_COMMENTS = YES;
				CLANG_WARN_EMPTY_BODY = YES;
				CLANG_WARN_ENUM_CONVERSION = YES;
				CLANG_WARN_INFINITE_RECURSION = YES;
				CLANG_WARN_INT_CONVERSION = YES;
				CLANG_WARN_NON_LITERAL_NULL_CONVERSION = YES;
				CLANG_WARN_OBJC_IMPLICIT_RETAIN_SELF = YES;
				CLANG_WARN_OBJC_LITERAL_CONVERSION = YES;
				CLANG_WARN_OBJC_ROOT_CLASS = YES_ERROR;
				CLANG_WARN_RANGE_LOOP_ANALYSIS = YES;
				CLANG_WARN_STRICT_PROTOTYPES = YES;
				CLANG_WARN_SUSPICIOUS_MOVE = YES;
				CLANG_WARN_UNGUARDED_AVAILABILITY = YES_AGGRESSIVE;
				CLANG_WARN_UNREACHABLE_CODE = YES;
				CLANG_WARN__DUPLICATE_METHOD_MATCH = YES;
				CODE_SIGN_IDENTITY = "iPhone Developer";
				COPY_PHASE_STRIP = NO;
				DEBUG_INFORMATION_FORMAT = "dwarf-with-dsym";
				ENABLE_NS_ASSERTIONS = NO;
				ENABLE_STRICT_OBJC_MSGSEND = YES;
				GCC_C_LANGUAGE_STANDARD = gnu11;
				GCC_NO_COMMON_BLOCKS = YES;
				GCC_WARN_64_TO_32_BIT_CONVERSION = YES;
				GCC_WARN_ABOUT_RETURN_TYPE = YES_ERROR;
				GCC_WARN_UNDECLARED_SELECTOR = YES;
				GCC_WARN_UNINITIALIZED_AUTOS = YES_AGGRESSIVE;
				GCC_WARN_UNUSED_FUNCTION = YES;
				GCC_WARN_UNUSED_VARIABLE = YES;
				IPHONEOS_DEPLOYMENT_TARGET = 12.1;
				MTL_ENABLE_DEBUG_INFO = NO;
				MTL_FAST_MATH = YES;
				SDKROOT = iphoneos;
				SWIFT_COMPILATION_MODE = wholemodule;
				SWIFT_OPTIMIZATION_LEVEL = "-O";
				VALIDATE_PRODUCT = YES;
			};
			name = Release;
		};
		BCAAE72222339AEF00EF173A /* Debug */ = {
			isa = XCBuildConfiguration;
			buildSettings = {
				ASSETCATALOG_COMPILER_APPICON_NAME = AppIcon;
				CODE_SIGN_STYLE = Automatic;
				DEVELOPMENT_TEAM = "";
				INFOPLIST_FILE = Prueba/Info.plist;
				LD_RUNPATH_SEARCH_PATHS = (
					"$(inherited)",
					"@executable_path/Frameworks",
				);
				PRODUCT_BUNDLE_IDENTIFIER = com.prueba;
				PRODUCT_NAME = "$(TARGET_NAME)";
				SWIFT_VERSION = 4.2;
				TARGETED_DEVICE_FAMILY = "1,2";
			};
			name = Debug;
		};
		BCAAE72322339AEF00EF173A /* Release */ = {
			isa = XCBuildConfiguration;
			buildSettings = {
				ASSETCATALOG_COMPILER_APPICON_NAME = AppIcon;
				CODE_SIGN_STYLE = Automatic;
				DEVELOPMENT_TEAM = "";
				INFOPLIST_FILE = Prueba/Info.plist;
				LD_RUNPATH_SEARCH_PATHS = (
					"$(inherited)",
					"@executable_path/Frameworks",
				);
				PRODUCT_BUNDLE_IDENTIFIER = com.prueba;
				PRODUCT_NAME = "$(TARGET_NAME)";
				SWIFT_VERSION = 4.2;
				TARGETED_DEVICE_FAMILY = "1,2";
			};
			name = Release;
		};
		BCAAE72522339AEF00EF173A /* Debug */ = {
			isa = XCBuildConfiguration;
			buildSettings = {
				ALWAYS_EMBED_SWIFT_STANDARD_LIBRARIES = YES;
				BUNDLE_LOADER = "$(TEST_HOST)";
				CODE_SIGN_STYLE = Automatic;
				DEVELOPMENT_TEAM = 4F7W348LFP;
				INFOPLIST_FILE = PruebaTests/Info.plist;
				LD_RUNPATH_SEARCH_PATHS = (
					"$(inherited)",
					"@executable_path/Frameworks",
					"@loader_path/Frameworks",
				);
				PRODUCT_BUNDLE_IDENTIFIER = UNAM.PruebaTests;
				PRODUCT_NAME = "$(TARGET_NAME)";
				SWIFT_VERSION = 4.2;
				TARGETED_DEVICE_FAMILY = "1,2";
				TEST_HOST = "$(BUILT_PRODUCTS_DIR)/Prueba.app/Prueba";
			};
			name = Debug;
		};
		BCAAE72622339AEF00EF173A /* Release */ = {
			isa = XCBuildConfiguration;
			buildSettings = {
				ALWAYS_EMBED_SWIFT_STANDARD_LIBRARIES = YES;
				BUNDLE_LOADER = "$(TEST_HOST)";
				CODE_SIGN_STYLE = Automatic;
				DEVELOPMENT_TEAM = 4F7W348LFP;
				INFOPLIST_FILE = PruebaTests/Info.plist;
				LD_RUNPATH_SEARCH_PATHS = (
					"$(inherited)",
					"@executable_path/Frameworks",
					"@loader_path/Frameworks",
				);
				PRODUCT_BUNDLE_IDENTIFIER = UNAM.PruebaTests;
				PRODUCT_NAME = "$(TARGET_NAME)";
				SWIFT_VERSION = 4.2;
				TARGETED_DEVICE_FAMILY = "1,2";
				TEST_HOST = "$(BUILT_PRODUCTS_DIR)/Prueba.app/Prueba";
			};
			name = Release;
		};
		BCAAE72822339AEF00EF173A /* Debug */ = {
			isa = XCBuildConfiguration;
			buildSettings = {
				ALWAYS_EMBED_SWIFT_STANDARD_LIBRARIES = YES;
				CODE_SIGN_STYLE = Automatic;
				DEVELOPMENT_TEAM = 4F7W348LFP;
				INFOPLIST_FILE = PruebaUITests/Info.plist;
				LD_RUNPATH_SEARCH_PATHS = (
					"$(inherited)",
					"@executable_path/Frameworks",
					"@loader_path/Frameworks",
				);
				PRODUCT_BUNDLE_IDENTIFIER = UNAM.PruebaUITests;
				PRODUCT_NAME = "$(TARGET_NAME)";
				SWIFT_VERSION = 4.2;
				TARGETED_DEVICE_FAMILY = "1,2";
				TEST_TARGET_NAME = Prueba;
			};
			name = Debug;
		};
		BCAAE72922339AEF00EF173A /* Release */ = {
			isa = XCBuildConfiguration;
			buildSettings = {
				ALWAYS_EMBED_SWIFT_STANDARD_LIBRARIES = YES;
				CODE_SIGN_STYLE = Automatic;
				DEVELOPMENT_TEAM = 4F7W348LFP;
				INFOPLIST_FILE = PruebaUITests/Info.plist;
				LD_RUNPATH_SEARCH_PATHS = (
					"$(inherited)",
					"@executable_path/Frameworks",
					"@loader_path/Frameworks",
				);
				PRODUCT_BUNDLE_IDENTIFIER = UNAM.PruebaUITests;
				PRODUCT_NAME = "$(TARGET_NAME)";
				SWIFT_VERSION = 4.2;
				TARGETED_DEVICE_FAMILY = "1,2";
				TEST_TARGET_NAME = Prueba;
			};
			name = Release;
		};
/* End XCBuildConfiguration section */

/* Begin XCConfigurationList section */
		BCAAE6F422339AED00EF173A /* Build configuration list for PBXProject "Prueba" */ = {
			isa = XCConfigurationList;
			buildConfigurations = (
				BCAAE71F22339AEF00EF173A /* Debug */,
				BCAAE72022339AEF00EF173A /* Release */,
			);
			defaultConfigurationIsVisible = 0;
			defaultConfigurationName = Release;
		};
		BCAAE72122339AEF00EF173A /* Build configuration list for PBXNativeTarget "Prueba" */ = {
			isa = XCConfigurationList;
			buildConfigurations = (
				BCAAE72222339AEF00EF173A /* Debug */,
				BCAAE72322339AEF00EF173A /* Release */,
			);
			defaultConfigurationIsVisible = 0;
			defaultConfigurationName = Release;
		};
		BCAAE72422339AEF00EF173A /* Build configuration list for PBXNativeTarget "PruebaTests" */ = {
			isa = XCConfigurationList;
			buildConfigurations = (
				BCAAE72522339AEF00EF173A /* Debug */,
				BCAAE72622339AEF00EF173A /* Release */,
			);
			defaultConfigurationIsVisible = 0;
			defaultConfigurationName = Release;
		};
		BCAAE72722339AEF00EF173A /* Build configuration list for PBXNativeTarget "PruebaUITests" */ = {
			isa = XCConfigurationList;
			buildConfigurations = (
				BCAAE72822339AEF00EF173A /* Debug */,
				BCAAE72922339AEF00EF173A /* Release */,
			);
			defaultConfigurationIsVisible = 0;
			defaultConfigurationName = Release;
		};
/* End XCConfigurationList section */
	};
	rootObject = BCAAE6F122339AED00EF173A /* Project object */;
}
